{
  "name": "common",
  "version": "1.0.0",
  "lockfileVersion": 1,
  "requires": true,
  "dependencies": {
    "@types/graphql": {
      "version": "0.12.6",
      "resolved": "https://registry.npmjs.org/@types/graphql/-/graphql-0.12.6.tgz",
      "integrity": "sha512-wXAVyLfkG1UMkKOdMijVWFky39+OD/41KftzqfX1Oejd0Gm6dOIKjCihSVECg6X7PHjftxXmfOKA/d1H79ZfvQ=="
    },
    "@types/node": {
      "version": "10.9.2",
      "resolved": "https://registry.npmjs.org/@types/node/-/node-10.9.2.tgz",
      "integrity": "sha512-pwZnkVyCGJ3LsQ0/3flQK5lCFao4esIzwUVzzk5NvL9vnkEyDhNf4fhHzUMHvyr56gNZywWTS2MR0euabMSz4A=="
    },
    "@types/node-fetch": {
      "version": "2.1.2",
      "resolved": "https://registry.npmjs.org/@types/node-fetch/-/node-fetch-2.1.2.tgz",
      "integrity": "sha512-XroxUzLpKuL+CVkQqXlffRkEPi4Gh3Oui/mWyS7ztKiyqVxiU+h3imCW5I2NQmde5jK+3q++36/Q96cyRWsweg==",
      "requires": {
        "@types/node": "*"
      }
    },
    "apollo-link-context": {
      "version": "1.0.8",
      "resolved": "https://registry.npmjs.org/apollo-link-context/-/apollo-link-context-1.0.8.tgz",
      "integrity": "sha512-wgDwBbWqHblf7W0DD2b80kXLtSAfvbXnsxSrli0GuF77VwxjLChijiHinW5bjurzZvP8YRMNhitmrrF5ia7NsA==",
      "requires": {
        "apollo-link": "^1.2.2"
      },
      "dependencies": {
        "apollo-link": {
          "version": "1.2.2",
          "resolved": "https://registry.npmjs.org/apollo-link/-/apollo-link-1.2.2.tgz",
          "integrity": "sha512-Uk/BC09dm61DZRDSu52nGq0nFhq7mcBPTjy5EEH1eunJndtCaNXQhQz/BjkI2NdrfGI+B+i5he6YSoRBhYizdw==",
          "requires": {
            "@types/graphql": "0.12.6",
            "apollo-utilities": "^1.0.0",
            "zen-observable-ts": "^0.8.9"
          }
        },
        "apollo-utilities": {
          "version": "1.0.19",
          "resolved": "https://registry.npmjs.org/apollo-utilities/-/apollo-utilities-1.0.19.tgz",
          "integrity": "sha512-pyVxizjIevHFfKhtc9FLEsGHmqiK0kHx1aBdJRUXDt+X+yjoVa/fVeCEo9t0NddGximemxxrQnq6lSkbIQvDlA==",
          "requires": {
            "fast-json-stable-stringify": "^2.0.0"
          }
        }
      }
    },
    "fast-json-stable-stringify": {
      "version": "2.0.0",
      "resolved": "https://registry.npmjs.org/fast-json-stable-stringify/-/fast-json-stable-stringify-2.0.0.tgz",
      "integrity": "sha1-1RQsDK7msRifh9OnYREGT4bIu/I="
    },
    "zen-observable": {
      "version": "0.8.9",
      "resolved": "https://registry.npmjs.org/zen-observable/-/zen-observable-0.8.9.tgz",
      "integrity": "sha512-Y9kPzjGvIZ5jchSlqlCpBW3I82zBBL4z+ulXDRVA1NwsKzjt5kwAi+gOYIy0htNkfuehGZZtP5mRXHRV6TjDWw=="
    },
    "zen-observable-ts": {
      "version": "0.8.9",
      "resolved": "https://registry.npmjs.org/zen-observable-ts/-/zen-observable-ts-0.8.9.tgz",
      "integrity": "sha512-KJz2O8FxbAdAU5CSc8qZ1K2WYEJb1HxS6XDRF+hOJ1rOYcg6eTMmS9xYHCXzqZZzKw6BbXWyF4UpwSsBQnHJeA==",
      "requires": {
        "zen-observable": "^0.8.0"
      }
    }
  }
}
